name: Update flake.lock

on:
  workflow_dispatch:
  schedule:
    - cron: '0 3 * * *'

permissions:
  contents: read
  id-token: write
  issues: write
  pull-requests: write

jobs:
  update-flake-lock:
    runs-on: ubuntu-latest
    environment: production
    steps:
      - uses: actions/checkout@v5
      - uses: DeterminateSystems/nix-installer-action@v20
      - id: update
        uses: DeterminateSystems/update-flake-lock@v27
        with:
          commit-msg: "chore(flake.lock): update"
          pr-title: "chore(flake.lock): update"
          pr-labels: auto-merge
          token: ${{ secrets.GITHUB_TOKEN }}
      - name: Merge
        run: gh pr merge --auto "${{ steps.update.outputs.pull-request-number }}" --rebase
        env:
          GITHUB_TOKEN: ${{ secrets.GITHUB_TOKEN }}
        if: ${{ steps.update.outputs.pull-request-number != '' }}